
Microsoft Visual Studio Solution File, Format Version 12.00
# Visual Studio Version 17
VisualStudioVersion = 17.4.33213.308
MinimumVisualStudioVersion = 10.0.40219.1
Project("{FAE04EC0-301F-11D3-BF4B-00C04F79EFBC}") = "VoiceChatApp", "VoiceChatApp\VoiceChatApp.csproj", "{8F820D75-583D-48CD-AE0D-C42A8F0B3BC8}"
EndProject
Global
	GlobalSection(SolutionConfigurationPlatforms) = preSolution
		Debug|Any CPU = Debug|Any CPU
		Release|Any CPU = Release|Any CPU
	EndGlobalSection
	GlobalSection(ProjectConfigurationPlatforms) = postSolution
		{8F820D75-583D-48CD-AE0D-C42A8F0B3BC8}.Debug|Any CPU.ActiveCfg = Debug|Any CPU
		{8F820D75-583D-48CD-AE0D-C42A8F0B3BC8}.Debug|Any CPU.Build.0 = Debug|Any CPU
		{8F820D75-583D-48CD-AE0D-C42A8F0B3BC8}.Release|Any CPU.ActiveCfg = Release|Any CPU
		{8F820D75-583D-48CD-AE0D-C42A8F0B3BC8}.Release|Any CPU.Build.0 = Release|Any CPU
	EndGlobalSection
	GlobalSection(SolutionProperties) = preSolution
		HideSolutionNode = FALSE
	EndGlobalSection
	GlobalSection(ExtensibilityGlobals) = postSolution
		SolutionGuid = {56D59C98-552D-4533-85BB-C329F953AEA0}
	EndGlobalSection
EndGlobal
